
Microsoft Visual Studio Solution File, Format Version 12.00
# Visual Studio Version 16
VisualStudioVersion = 16.0.30413.136
MinimumVisualStudioVersion = 10.0.40219.1
Project("{9A19103F-16F7-4668-BE54-9A1E7A4F7556}") = "BullsAndCows", "Bulls and cows\BullsAndCows.csproj", "{3B480E8D-9536-46BD-B303-92444F99AEFA}"
EndProject
Global
	GlobalSection(SolutionConfigurationPlatforms) = preSolution
		Debug|Any CPU = Debug|Any CPU
		Release|Any CPU = Release|Any CPU
	EndGlobalSection
	GlobalSection(ProjectConfigurationPlatforms) = postSolution
		{3B480E8D-9536-46BD-B303-92444F99AEFA}.Debug|Any CPU.ActiveCfg = Debug|Any CPU
		{3B480E8D-9536-46BD-B303-92444F99AEFA}.Debug|Any CPU.Build.0 = Debug|Any CPU
		{3B480E8D-9536-46BD-B303-92444F99AEFA}.Release|Any CPU.ActiveCfg = Release|Any CPU
		{3B480E8D-9536-46BD-B303-92444F99AEFA}.Release|Any CPU.Build.0 = Release|Any CPU
	EndGlobalSection
	GlobalSection(SolutionProperties) = preSolution
		HideSolutionNode = FALSE
	EndGlobalSection
	GlobalSection(ExtensibilityGlobals) = postSolution
		SolutionGuid = {92610481-A57B-4FE4-9209-56F73D3475A9}
	EndGlobalSection
EndGlobal
