
Microsoft Visual Studio Solution File, Format Version 12.00
# Visual Studio Version 16
VisualStudioVersion = 16.0.30413.136
MinimumVisualStudioVersion = 10.0.40219.1
Project("{9A19103F-16F7-4668-BE54-9A1E7A4F7556}") = "CalcMatrix", "CalcMatrix\CalcMatrix.csproj", "{B306BA65-C334-4D88-A5DA-8A185918DCCA}"
EndProject
Global
	GlobalSection(SolutionConfigurationPlatforms) = preSolution
		Debug|Any CPU = Debug|Any CPU
		Release|Any CPU = Release|Any CPU
	EndGlobalSection
	GlobalSection(ProjectConfigurationPlatforms) = postSolution
		{B306BA65-C334-4D88-A5DA-8A185918DCCA}.Debug|Any CPU.ActiveCfg = Debug|Any CPU
		{B306BA65-C334-4D88-A5DA-8A185918DCCA}.Debug|Any CPU.Build.0 = Debug|Any CPU
		{B306BA65-C334-4D88-A5DA-8A185918DCCA}.Release|Any CPU.ActiveCfg = Release|Any CPU
		{B306BA65-C334-4D88-A5DA-8A185918DCCA}.Release|Any CPU.Build.0 = Release|Any CPU
	EndGlobalSection
	GlobalSection(SolutionProperties) = preSolution
		HideSolutionNode = FALSE
	EndGlobalSection
	GlobalSection(ExtensibilityGlobals) = postSolution
		SolutionGuid = {04C029FF-EBFE-40E7-B40C-B1A74F8C0EB6}
	EndGlobalSection
EndGlobal
